
Microsoft Visual Studio Solution File, Format Version 12.00
# Visual Studio Version 17
VisualStudioVersion = 17.5.33502.453
MinimumVisualStudioVersion = 10.0.40219.1
Project("{9A19103F-16F7-4668-BE54-9A1E7A4F7556}") = "TestCompa", "LoginTest\TestCompa.csproj", "{6A1AF0DD-E512-4F40-AC2E-2AD3775EF767}"
EndProject
Global
	GlobalSection(SolutionConfigurationPlatforms) = preSolution
		Debug|Any CPU = Debug|Any CPU
		Release|Any CPU = Release|Any CPU
	EndGlobalSection
	GlobalSection(ProjectConfigurationPlatforms) = postSolution
		{6A1AF0DD-E512-4F40-AC2E-2AD3775EF767}.Debug|Any CPU.ActiveCfg = Debug|Any CPU
		{6A1AF0DD-E512-4F40-AC2E-2AD3775EF767}.Debug|Any CPU.Build.0 = Debug|Any CPU
		{6A1AF0DD-E512-4F40-AC2E-2AD3775EF767}.Release|Any CPU.ActiveCfg = Release|Any CPU
		{6A1AF0DD-E512-4F40-AC2E-2AD3775EF767}.Release|Any CPU.Build.0 = Release|Any CPU
	EndGlobalSection
	GlobalSection(SolutionProperties) = preSolution
		HideSolutionNode = FALSE
	EndGlobalSection
	GlobalSection(ExtensibilityGlobals) = postSolution
		SolutionGuid = {466DE207-1363-4BF2-A8E9-CE5AC4E07C3B}
	EndGlobalSection
EndGlobal
